
Microsoft Visual Studio Solution File, Format Version 12.00
Project("{FAE04EC0-301F-11D3-BF4B-00C04F79EFBC}") = "Marketplace.Domain", "Marketplace.Domain\Marketplace.Domain.csproj", "{D1872921-9CD1-4885-9FF4-39A41E680D86}"
EndProject
Project("{FAE04EC0-301F-11D3-BF4B-00C04F79EFBC}") = "Marketplace.Application", "Marketplace.Application\Marketplace.Application.csproj", "{CCB8AB4A-A291-406F-85BC-BAD7BD79EF60}"
EndProject
Project("{FAE04EC0-301F-11D3-BF4B-00C04F79EFBC}") = "Marketplace.Infrastructure", "Marketplace.Infrastructure\Marketplace.Infrastructure.csproj", "{9E346FD4-117A-4497-822A-A975AEFA3B96}"
EndProject
Project("{FAE04EC0-301F-11D3-BF4B-00C04F79EFBC}") = "Marketplace.Presentation", "Marketplace.Presentation\Marketplace.Presentation.csproj", "{0641554A-CB1C-4428-AE4C-FC86DD7AD34A}"
EndProject
Global
	GlobalSection(SolutionConfigurationPlatforms) = preSolution
		Debug|Any CPU = Debug|Any CPU
		Release|Any CPU = Release|Any CPU
	EndGlobalSection
	GlobalSection(ProjectConfigurationPlatforms) = postSolution
		{D1872921-9CD1-4885-9FF4-39A41E680D86}.Debug|Any CPU.ActiveCfg = Debug|Any CPU
		{D1872921-9CD1-4885-9FF4-39A41E680D86}.Debug|Any CPU.Build.0 = Debug|Any CPU
		{D1872921-9CD1-4885-9FF4-39A41E680D86}.Release|Any CPU.ActiveCfg = Release|Any CPU
		{D1872921-9CD1-4885-9FF4-39A41E680D86}.Release|Any CPU.Build.0 = Release|Any CPU
		{CCB8AB4A-A291-406F-85BC-BAD7BD79EF60}.Debug|Any CPU.ActiveCfg = Debug|Any CPU
		{CCB8AB4A-A291-406F-85BC-BAD7BD79EF60}.Debug|Any CPU.Build.0 = Debug|Any CPU
		{CCB8AB4A-A291-406F-85BC-BAD7BD79EF60}.Release|Any CPU.ActiveCfg = Release|Any CPU
		{CCB8AB4A-A291-406F-85BC-BAD7BD79EF60}.Release|Any CPU.Build.0 = Release|Any CPU
		{9E346FD4-117A-4497-822A-A975AEFA3B96}.Debug|Any CPU.ActiveCfg = Debug|Any CPU
		{9E346FD4-117A-4497-822A-A975AEFA3B96}.Debug|Any CPU.Build.0 = Debug|Any CPU
		{9E346FD4-117A-4497-822A-A975AEFA3B96}.Release|Any CPU.ActiveCfg = Release|Any CPU
		{9E346FD4-117A-4497-822A-A975AEFA3B96}.Release|Any CPU.Build.0 = Release|Any CPU
		{0641554A-CB1C-4428-AE4C-FC86DD7AD34A}.Debug|Any CPU.ActiveCfg = Debug|Any CPU
		{0641554A-CB1C-4428-AE4C-FC86DD7AD34A}.Debug|Any CPU.Build.0 = Debug|Any CPU
		{0641554A-CB1C-4428-AE4C-FC86DD7AD34A}.Release|Any CPU.ActiveCfg = Release|Any CPU
		{0641554A-CB1C-4428-AE4C-FC86DD7AD34A}.Release|Any CPU.Build.0 = Release|Any CPU
	EndGlobalSection
EndGlobal
